// !$*UTF8*$!
{
	archiveVersion = 1;
	classes = {
	};
	objectVersion = 55;
	objects = {

/* Begin PBXBuildFile section */
		A455069F289C38AC00AC3FE2 /* AppDelegate.swift in Sources */ = {isa = PBXBuildFile; fileRef = A455069E289C38AC00AC3FE2 /* AppDelegate.swift */; };
		A45506A1289C38AC00AC3FE2 /* SceneDelegate.swift in Sources */ = {isa = PBXBuildFile; fileRef = A45506A0289C38AC00AC3FE2 /* SceneDelegate.swift */; };
		A45506A3289C38AC00AC3FE2 /* ViewController.swift in Sources */ = {isa = PBXBuildFile; fileRef = A45506A2289C38AC00AC3FE2 /* ViewController.swift */; };
		A45506A6289C38AC00AC3FE2 /* Main.storyboard in Resources */ = {isa = PBXBuildFile; fileRef = A45506A4289C38AC00AC3FE2 /* Main.storyboard */; };
		A45506A8289C38AD00AC3FE2 /* Assets.xcassets in Resources */ = {isa = PBXBuildFile; fileRef = A45506A7289C38AD00AC3FE2 /* Assets.xcassets */; };
		A45506AB289C38AD00AC3FE2 /* LaunchScreen.storyboard in Resources */ = {isa = PBXBuildFile; fileRef = A45506A9289C38AD00AC3FE2 /* LaunchScreen.storyboard */; };
		F915656CCB7EA2215FECBD07 /* Pods_testeCharts.framework in Frameworks */ = {isa = PBXBuildFile; fileRef = 391E05A4DA2C0A18E9124F83 /* Pods_testeCharts.framework */; };
/* End PBXBuildFile section */

/* Begin PBXFileReference section */
		391E05A4DA2C0A18E9124F83 /* Pods_testeCharts.framework */ = {isa = PBXFileReference; explicitFileType = wrapper.framework; includeInIndex = 0; path = Pods_testeCharts.framework; sourceTree = BUILT_PRODUCTS_DIR; };
		691203D3F56A3D3F08551A6A /* Pods-testeCharts.release.xcconfig */ = {isa = PBXFileReference; includeInIndex = 1; lastKnownFileType = text.xcconfig; name = "Pods-testeCharts.release.xcconfig"; path = "Target Support Files/Pods-testeCharts/Pods-testeCharts.release.xcconfig"; sourceTree = "<group>"; };
		A455069B289C38AC00AC3FE2 /* testeCharts.app */ = {isa = PBXFileReference; explicitFileType = wrapper.application; includeInIndex = 0; path = testeCharts.app; sourceTree = BUILT_PRODUCTS_DIR; };
		A455069E289C38AC00AC3FE2 /* AppDelegate.swift */ = {isa = PBXFileReference; lastKnownFileType = sourcecode.swift; path = AppDelegate.swift; sourceTree = "<group>"; };
		A45506A0289C38AC00AC3FE2 /* SceneDelegate.swift */ = {isa = PBXFileReference; lastKnownFileType = sourcecode.swift; path = SceneDelegate.swift; sourceTree = "<group>"; };
		A45506A2289C38AC00AC3FE2 /* ViewController.swift */ = {isa = PBXFileReference; lastKnownFileType = sourcecode.swift; path = ViewController.swift; sourceTree = "<group>"; };
		A45506A5289C38AC00AC3FE2 /* Base */ = {isa = PBXFileReference; lastKnownFileType = file.storyboard; name = Base; path = Base.lproj/Main.storyboard; sourceTree = "<group>"; };
		A45506A7289C38AD00AC3FE2 /* Assets.xcassets */ = {isa = PBXFileReference; lastKnownFileType = folder.assetcatalog; path = Assets.xcassets; sourceTree = "<group>"; };
		A45506AA289C38AD00AC3FE2 /* Base */ = {isa = PBXFileReference; lastKnownFileType = file.storyboard; name = Base; path = Base.lproj/LaunchScreen.storyboard; sourceTree = "<group>"; };
		A45506AC289C38AD00AC3FE2 /* Info.plist */ = {isa = PBXFileReference; lastKnownFileType = text.plist.xml; path = Info.plist; sourceTree = "<group>"; };
		F88924E24B8CC0EE0184A741 /* Pods-testeCharts.debug.xcconfig */ = {isa = PBXFileReference; includeInIndex = 1; lastKnownFileType = text.xcconfig; name = "Pods-testeCharts.debug.xcconfig"; path = "Target Support Files/Pods-testeCharts/Pods-testeCharts.debug.xcconfig"; sourceTree = "<group>"; };
/* End PBXFileReference section */

/* Begin PBXFrameworksBuildPhase section */
		A4550698289C38AC00AC3FE2 /* Frameworks */ = {
			isa = PBXFrameworksBuildPhase;
			buildActionMask = 2147483647;
			files = (
				F915656CCB7EA2215FECBD07 /* Pods_testeCharts.framework in Frameworks */,
			);
			runOnlyForDeploymentPostprocessing = 0;
		};
/* End PBXFrameworksBuildPhase section */

/* Begin PBXGroup section */
		077C8BE3DD521359EEB0A1F8 /* Pods */ = {
			isa = PBXGroup;
			children = (
				F88924E24B8CC0EE0184A741 /* Pods-testeCharts.debug.xcconfig */,
				691203D3F56A3D3F08551A6A /* Pods-testeCharts.release.xcconfig */,
			);
			name = Pods;
			path = Pods;
			sourceTree = "<group>";
		};
		6EE3FB58616E71AF818F464C /* Frameworks */ = {
			isa = PBXGroup;
			children = (
				391E05A4DA2C0A18E9124F83 /* Pods_testeCharts.framework */,
			);
			name = Frameworks;
			sourceTree = "<group>";
		};
		A4550692289C38AC00AC3FE2 = {
			isa = PBXGroup;
			children = (
				A455069D289C38AC00AC3FE2 /* testeCharts */,
				A455069C289C38AC00AC3FE2 /* Products */,
				077C8BE3DD521359EEB0A1F8 /* Pods */,
				6EE3FB58616E71AF818F464C /* Frameworks */,
			);
			sourceTree = "<group>";
		};
		A455069C289C38AC00AC3FE2 /* Products */ = {
			isa = PBXGroup;
			children = (
				A455069B289C38AC00AC3FE2 /* testeCharts.app */,
			);
			name = Products;
			sourceTree = "<group>";
		};
		A455069D289C38AC00AC3FE2 /* testeCharts */ = {
			isa = PBXGroup;
			children = (
				A455069E289C38AC00AC3FE2 /* AppDelegate.swift */,
				A45506A0289C38AC00AC3FE2 /* SceneDelegate.swift */,
				A45506A2289C38AC00AC3FE2 /* ViewController.swift */,
				A45506A4289C38AC00AC3FE2 /* Main.storyboard */,
				A45506A7289C38AD00AC3FE2 /* Assets.xcassets */,
				A45506A9289C38AD00AC3FE2 /* LaunchScreen.storyboard */,
				A45506AC289C38AD00AC3FE2 /* Info.plist */,
			);
			path = testeCharts;
			sourceTree = "<group>";
		};
/* End PBXGroup section */

/* Begin PBXNativeTarget section */
		A455069A289C38AC00AC3FE2 /* testeCharts */ = {
			isa = PBXNativeTarget;
			buildConfigurationList = A45506AF289C38AD00AC3FE2 /* Build configuration list for PBXNativeTarget "testeCharts" */;
			buildPhases = (
				00C4746F595BEE3282DA5D97 /* [CP] Check Pods Manifest.lock */,
				A4550697289C38AC00AC3FE2 /* Sources */,
				A4550698289C38AC00AC3FE2 /* Frameworks */,
				A4550699289C38AC00AC3FE2 /* Resources */,
				8D2214E44A594513042E0898 /* [CP] Embed Pods Frameworks */,
			);
			buildRules = (
			);
			dependencies = (
			);
			name = testeCharts;
			productName = testeCharts;
			productReference = A455069B289C38AC00AC3FE2 /* testeCharts.app */;
			productType = "com.apple.product-type.application";
		};
/* End PBXNativeTarget section */

/* Begin PBXProject section */
		A4550693289C38AC00AC3FE2 /* Project object */ = {
			isa = PBXProject;
			attributes = {
				BuildIndependentTargetsInParallel = 1;
				LastSwiftUpdateCheck = 1330;
				LastUpgradeCheck = 1330;
				TargetAttributes = {
					A455069A289C38AC00AC3FE2 = {
						CreatedOnToolsVersion = 13.3.1;
					};
				};
			};
			buildConfigurationList = A4550696289C38AC00AC3FE2 /* Build configuration list for PBXProject "testeCharts" */;
			compatibilityVersion = "Xcode 13.0";
			developmentRegion = en;
			hasScannedForEncodings = 0;
			knownRegions = (
				en,
				Base,
			);
			mainGroup = A4550692289C38AC00AC3FE2;
			productRefGroup = A455069C289C38AC00AC3FE2 /* Products */;
			projectDirPath = "";
			projectRoot = "";
			targets = (
				A455069A289C38AC00AC3FE2 /* testeCharts */,
			);
		};
/* End PBXProject section */

/* Begin PBXResourcesBuildPhase section */
		A4550699289C38AC00AC3FE2 /* Resources */ = {
			isa = PBXResourcesBuildPhase;
			buildActionMask = 2147483647;
			files = (
				A45506AB289C38AD00AC3FE2 /* LaunchScreen.storyboard in Resources */,
				A45506A8289C38AD00AC3FE2 /* Assets.xcassets in Resources */,
				A45506A6289C38AC00AC3FE2 /* Main.storyboard in Resources */,
			);
			runOnlyForDeploymentPostprocessing = 0;
		};
/* End PBXResourcesBuildPhase section */

/* Begin PBXShellScriptBuildPhase section */
		00C4746F595BEE3282DA5D97 /* [CP] Check Pods Manifest.lock */ = {
			isa = PBXShellScriptBuildPhase;
			buildActionMask = 2147483647;
			files = (
			);
			inputFileListPaths = (
			);
			inputPaths = (
				"${PODS_PODFILE_DIR_PATH}/Podfile.lock",
				"${PODS_ROOT}/Manifest.lock",
			);
			name = "[CP] Check Pods Manifest.lock";
			outputFileListPaths = (
			);
			outputPaths = (
				"$(DERIVED_FILE_DIR)/Pods-testeCharts-checkManifestLockResult.txt",
			);
			runOnlyForDeploymentPostprocessing = 0;
			shellPath = /bin/sh;
			shellScript = "diff \"${PODS_PODFILE_DIR_PATH}/Podfile.lock\" \"${PODS_ROOT}/Manifest.lock\" > /dev/null\nif [ $? != 0 ] ; then\n    # print error to STDERR\n    echo \"error: The sandbox is not in sync with the Podfile.lock. Run 'pod install' or update your CocoaPods installation.\" >&2\n    exit 1\nfi\n# This output is used by Xcode 'outputs' to avoid re-running this script phase.\necho \"SUCCESS\" > \"${SCRIPT_OUTPUT_FILE_0}\"\n";
			showEnvVarsInLog = 0;
		};
		8D2214E44A594513042E0898 /* [CP] Embed Pods Frameworks */ = {
			isa = PBXShellScriptBuildPhase;
			buildActionMask = 2147483647;
			files = (
			);
			inputFileListPaths = (
				"${PODS_ROOT}/Target Support Files/Pods-testeCharts/Pods-testeCharts-frameworks-${CONFIGURATION}-input-files.xcfilelist",
			);
			name = "[CP] Embed Pods Frameworks";
			outputFileListPaths = (
				"${PODS_ROOT}/Target Support Files/Pods-testeCharts/Pods-testeCharts-frameworks-${CONFIGURATION}-output-files.xcfilelist",
			);
			runOnlyForDeploymentPostprocessing = 0;
			shellPath = /bin/sh;
			shellScript = "\"${PODS_ROOT}/Target Support Files/Pods-testeCharts/Pods-testeCharts-frameworks.sh\"\n";
			showEnvVarsInLog = 0;
		};
/* End PBXShellScriptBuildPhase section */

/* Begin PBXSourcesBuildPhase section */
		A4550697289C38AC00AC3FE2 /* Sources */ = {
			isa = PBXSourcesBuildPhase;
			buildActionMask = 2147483647;
			files = (
				A45506A3289C38AC00AC3FE2 /* ViewController.swift in Sources */,
				A455069F289C38AC00AC3FE2 /* AppDelegate.swift in Sources */,
				A45506A1289C38AC00AC3FE2 /* SceneDelegate.swift in Sources */,
			);
			runOnlyForDeploymentPostprocessing = 0;
		};
/* End PBXSourcesBuildPhase section */

/* Begin PBXVariantGroup section */
		A45506A4289C38AC00AC3FE2 /* Main.storyboard */ = {
			isa = PBXVariantGroup;
			children = (
				A45506A5289C38AC00AC3FE2 /* Base */,
			);
			name = Main.storyboard;
			sourceTree = "<group>";
		};
		A45506A9289C38AD00AC3FE2 /* LaunchScreen.storyboard */ = {
			isa = PBXVariantGroup;
			children = (
				A45506AA289C38AD00AC3FE2 /* Base */,
			);
			name = LaunchScreen.storyboard;
			sourceTree = "<group>";
		};
/* End PBXVariantGroup section */

/* Begin XCBuildConfiguration section */
		A45506AD289C38AD00AC3FE2 /* Debug */ = {
			isa = XCBuildConfiguration;
			buildSettings = {
				ALWAYS_SEARCH_USER_PATHS = NO;
				CLANG_ANALYZER_NONNULL = YES;
				CLANG_ANALYZER_NUMBER_OBJECT_CONVERSION = YES_AGGRESSIVE;
				CLANG_CXX_LANGUAGE_STANDARD = "gnu++17";
				CLANG_ENABLE_MODULES = YES;
				CLANG_ENABLE_OBJC_ARC = YES;
				CLANG_ENABLE_OBJC_WEAK = YES;
				CLANG_WARN_BLOCK_CAPTURE_AUTORELEASING = YES;
				CLANG_WARN_BOOL_CONVERSION = YES;
				CLANG_WARN_COMMA = YES;
				CLANG_WARN_CONSTANT_CONVERSION = YES;
				CLANG_WARN_DEPRECATED_OBJC_IMPLEMENTATIONS = YES;
				CLANG_WARN_DIRECT_OBJC_ISA_USAGE = YES_ERROR;
				CLANG_WARN_DOCUMENTATION_COMMENTS = YES;
				CLANG_WARN_EMPTY_BODY = YES;
				CLANG_WARN_ENUM_CONVERSION = YES;
				CLANG_WARN_INFINITE_RECURSION = YES;
				CLANG_WARN_INT_CONVERSION = YES;
				CLANG_WARN_NON_LITERAL_NULL_CONVERSION = YES;
				CLANG_WARN_OBJC_IMPLICIT_RETAIN_SELF = YES;
				CLANG_WARN_OBJC_LITERAL_CONVERSION = YES;
				CLANG_WARN_OBJC_ROOT_CLASS = YES_ERROR;
				CLANG_WARN_QUOTED_INCLUDE_IN_FRAMEWORK_HEADER = YES;
				CLANG_WARN_RANGE_LOOP_ANALYSIS = YES;
				CLANG_WARN_STRICT_PROTOTYPES = YES;
				CLANG_WARN_SUSPICIOUS_MOVE = YES;
				CLANG_WARN_UNGUARDED_AVAILABILITY = YES_AGGRESSIVE;
				CLANG_WARN_UNREACHABLE_CODE = YES;
				CLANG_WARN__DUPLICATE_METHOD_MATCH = YES;
				COPY_PHASE_STRIP = NO;
				DEBUG_INFORMATION_FORMAT = dwarf;
				ENABLE_STRICT_OBJC_MSGSEND = YES;
				ENABLE_TESTABILITY = YES;
				GCC_C_LANGUAGE_STANDARD = gnu11;
				GCC_DYNAMIC_NO_PIC = NO;
				GCC_NO_COMMON_BLOCKS = YES;
				GCC_OPTIMIZATION_LEVEL = 0;
				GCC_PREPROCESSOR_DEFINITIONS = (
					"DEBUG=1",
					"$(inherited)",
				);
				GCC_WARN_64_TO_32_BIT_CONVERSION = YES;
				GCC_WARN_ABOUT_RETURN_TYPE = YES_ERROR;
				GCC_WARN_UNDECLARED_SELECTOR = YES;
				GCC_WARN_UNINITIALIZED_AUTOS = YES_AGGRESSIVE;
				GCC_WARN_UNUSED_FUNCTION = YES;
				GCC_WARN_UNUSED_VARIABLE = YES;
				IPHONEOS_DEPLOYMENT_TARGET = 15.4;
				MTL_ENABLE_DEBUG_INFO = INCLUDE_SOURCE;
				MTL_FAST_MATH = YES;
				ONLY_ACTIVE_ARCH = YES;
				SDKROOT = iphoneos;
				SWIFT_ACTIVE_COMPILATION_CONDITIONS = DEBUG;
				SWIFT_OPTIMIZATION_LEVEL = "-Onone";
			};
			name = Debug;
		};
		A45506AE289C38AD00AC3FE2 /* Release */ = {
			isa = XCBuildConfiguration;
			buildSettings = {
				ALWAYS_SEARCH_USER_PATHS = NO;
				CLANG_ANALYZER_NONNULL = YES;
				CLANG_ANALYZER_NUMBER_OBJECT_CONVERSION = YES_AGGRESSIVE;
				CLANG_CXX_LANGUAGE_STANDARD = "gnu++17";
				CLANG_ENABLE_MODULES = YES;
				CLANG_ENABLE_OBJC_ARC = YES;
				CLANG_ENABLE_OBJC_WEAK = YES;
				CLANG_WARN_BLOCK_CAPTURE_AUTORELEASING = YES;
				CLANG_WARN_BOOL_CONVERSION = YES;
				CLANG_WARN_COMMA = YES;
				CLANG_WARN_CONSTANT_CONVERSION = YES;
				CLANG_WARN_DEPRECATED_OBJC_IMPLEMENTATIONS = YES;
				CLANG_WARN_DIRECT_OBJC_ISA_USAGE = YES_ERROR;
				CLANG_WARN_DOCUMENTATION_COMMENTS = YES;
				CLANG_WARN_EMPTY_BODY = YES;
				CLANG_WARN_ENUM_CONVERSION = YES;
				CLANG_WARN_INFINITE_RECURSION = YES;
				CLANG_WARN_INT_CONVERSION = YES;
				CLANG_WARN_NON_LITERAL_NULL_CONVERSION = YES;
				CLANG_WARN_OBJC_IMPLICIT_RETAIN_SELF = YES;
				CLANG_WARN_OBJC_LITERAL_CONVERSION = YES;
				CLANG_WARN_OBJC_ROOT_CLASS = YES_ERROR;
				CLANG_WARN_QUOTED_INCLUDE_IN_FRAMEWORK_HEADER = YES;
				CLANG_WARN_RANGE_LOOP_ANALYSIS = YES;
				CLANG_WARN_STRICT_PROTOTYPES = YES;
				CLANG_WARN_SUSPICIOUS_MOVE = YES;
				CLANG_WARN_UNGUARDED_AVAILABILITY = YES_AGGRESSIVE;
				CLANG_WARN_UNREACHABLE_CODE = YES;
				CLANG_WARN__DUPLICATE_METHOD_MATCH = YES;
				COPY_PHASE_STRIP = NO;
				DEBUG_INFORMATION_FORMAT = "dwarf-with-dsym";
				ENABLE_NS_ASSERTIONS = NO;
				ENABLE_STRICT_OBJC_MSGSEND = YES;
				GCC_C_LANGUAGE_STANDARD = gnu11;
				GCC_NO_COMMON_BLOCKS = YES;
				GCC_WARN_64_TO_32_BIT_CONVERSION = YES;
				GCC_WARN_ABOUT_RETURN_TYPE = YES_ERROR;
				GCC_WARN_UNDECLARED_SELECTOR = YES;
				GCC_WARN_UNINITIALIZED_AUTOS = YES_AGGRESSIVE;
				GCC_WARN_UNUSED_FUNCTION = YES;
				GCC_WARN_UNUSED_VARIABLE = YES;
				IPHONEOS_DEPLOYMENT_TARGET = 15.4;
				MTL_ENABLE_DEBUG_INFO = NO;
				MTL_FAST_MATH = YES;
				SDKROOT = iphoneos;
				SWIFT_COMPILATION_MODE = wholemodule;
				SWIFT_OPTIMIZATION_LEVEL = "-O";
				VALIDATE_PRODUCT = YES;
			};
			name = Release;
		};
		A45506B0289C38AD00AC3FE2 /* Debug */ = {
			isa = XCBuildConfiguration;
			baseConfigurationReference = F88924E24B8CC0EE0184A741 /* Pods-testeCharts.debug.xcconfig */;
			buildSettings = {
				ASSETCATALOG_COMPILER_APPICON_NAME = AppIcon;
				ASSETCATALOG_COMPILER_GLOBAL_ACCENT_COLOR_NAME = AccentColor;
				CODE_SIGN_STYLE = Automatic;
				CURRENT_PROJECT_VERSION = 1;
				DEVELOPMENT_TEAM = 9YF48LKAWG;
				GENERATE_INFOPLIST_FILE = YES;
				INFOPLIST_FILE = testeCharts/Info.plist;
				INFOPLIST_KEY_UIApplicationSupportsIndirectInputEvents = YES;
				INFOPLIST_KEY_UILaunchStoryboardName = LaunchScreen;
				INFOPLIST_KEY_UIMainStoryboardFile = Main;
				INFOPLIST_KEY_UISupportedInterfaceOrientations_iPad = "UIInterfaceOrientationPortrait UIInterfaceOrientationPortraitUpsideDown UIInterfaceOrientationLandscapeLeft UIInterfaceOrientationLandscapeRight";
				INFOPLIST_KEY_UISupportedInterfaceOrientations_iPhone = "UIInterfaceOrientationPortrait UIInterfaceOrientationLandscapeLeft UIInterfaceOrientationLandscapeRight";
				LD_RUNPATH_SEARCH_PATHS = (
					"$(inherited)",
					"@executable_path/Frameworks",
				);
				MARKETING_VERSION = 1.0;
				PRODUCT_BUNDLE_IDENTIFIER = br.ufpe.cin.academy.testeCharts;
				PRODUCT_NAME = "$(TARGET_NAME)";
				SWIFT_EMIT_LOC_STRINGS = YES;
				SWIFT_VERSION = 5.0;
				TARGETED_DEVICE_FAMILY = "1,2";
			};
			name = Debug;
		};
		A45506B1289C38AD00AC3FE2 /* Release */ = {
			isa = XCBuildConfiguration;
			baseConfigurationReference = 691203D3F56A3D3F08551A6A /* Pods-testeCharts.release.xcconfig */;
			buildSettings = {
				ASSETCATALOG_COMPILER_APPICON_NAME = AppIcon;
				ASSETCATALOG_COMPILER_GLOBAL_ACCENT_COLOR_NAME = AccentColor;
				CODE_SIGN_STYLE = Automatic;
				CURRENT_PROJECT_VERSION = 1;
				DEVELOPMENT_TEAM = 9YF48LKAWG;
				GENERATE_INFOPLIST_FILE = YES;
				INFOPLIST_FILE = testeCharts/Info.plist;
				INFOPLIST_KEY_UIApplicationSupportsIndirectInputEvents = YES;
				INFOPLIST_KEY_UILaunchStoryboardName = LaunchScreen;
				INFOPLIST_KEY_UIMainStoryboardFile = Main;
				INFOPLIST_KEY_UISupportedInterfaceOrientations_iPad = "UIInterfaceOrientationPortrait UIInterfaceOrientationPortraitUpsideDown UIInterfaceOrientationLandscapeLeft UIInterfaceOrientationLandscapeRight";
				INFOPLIST_KEY_UISupportedInterfaceOrientations_iPhone = "UIInterfaceOrientationPortrait UIInterfaceOrientationLandscapeLeft UIInterfaceOrientationLandscapeRight";
				LD_RUNPATH_SEARCH_PATHS = (
					"$(inherited)",
					"@executable_path/Frameworks",
				);
				MARKETING_VERSION = 1.0;
				PRODUCT_BUNDLE_IDENTIFIER = br.ufpe.cin.academy.testeCharts;
				PRODUCT_NAME = "$(TARGET_NAME)";
				SWIFT_EMIT_LOC_STRINGS = YES;
				SWIFT_VERSION = 5.0;
				TARGETED_DEVICE_FAMILY = "1,2";
			};
			name = Release;
		};
/* End XCBuildConfiguration section */

/* Begin XCConfigurationList section */
		A4550696289C38AC00AC3FE2 /* Build configuration list for PBXProject "testeCharts" */ = {
			isa = XCConfigurationList;
			buildConfigurations = (
				A45506AD289C38AD00AC3FE2 /* Debug */,
				A45506AE289C38AD00AC3FE2 /* Release */,
			);
			defaultConfigurationIsVisible = 0;
			defaultConfigurationName = Release;
		};
		A45506AF289C38AD00AC3FE2 /* Build configuration list for PBXNativeTarget "testeCharts" */ = {
			isa = XCConfigurationList;
			buildConfigurations = (
				A45506B0289C38AD00AC3FE2 /* Debug */,
				A45506B1289C38AD00AC3FE2 /* Release */,
			);
			defaultConfigurationIsVisible = 0;
			defaultConfigurationName = Release;
		};
/* End XCConfigurationList section */
	};
	rootObject = A4550693289C38AC00AC3FE2 /* Project object */;
}
